
Microsoft Visual Studio Solution File, Format Version 12.00
# Visual Studio Version 17
VisualStudioVersion = 17.9.34622.214
MinimumVisualStudioVersion = 10.0.40219.1
Project("{FAE04EC0-301F-11D3-BF4B-00C04F79EFBC}") = "1", "1\1.csproj", "{46792FBB-5CCB-42F7-B30B-5503420E25D0}"
EndProject
Project("{FAE04EC0-301F-11D3-BF4B-00C04F79EFBC}") = "2", "2\2.csproj", "{F86D6460-5512-4407-A1C4-ED87B78C032F}"
EndProject
Project("{FAE04EC0-301F-11D3-BF4B-00C04F79EFBC}") = "Real2", "Real2\Real2.csproj", "{4667F13C-C881-4B80-B760-513C387B8094}"
EndProject
Global
	GlobalSection(SolutionConfigurationPlatforms) = preSolution
		Debug|Any CPU = Debug|Any CPU
		Release|Any CPU = Release|Any CPU
	EndGlobalSection
	GlobalSection(ProjectConfigurationPlatforms) = postSolution
		{46792FBB-5CCB-42F7-B30B-5503420E25D0}.Debug|Any CPU.ActiveCfg = Debug|Any CPU
		{46792FBB-5CCB-42F7-B30B-5503420E25D0}.Debug|Any CPU.Build.0 = Debug|Any CPU
		{46792FBB-5CCB-42F7-B30B-5503420E25D0}.Release|Any CPU.ActiveCfg = Release|Any CPU
		{46792FBB-5CCB-42F7-B30B-5503420E25D0}.Release|Any CPU.Build.0 = Release|Any CPU
		{F86D6460-5512-4407-A1C4-ED87B78C032F}.Debug|Any CPU.ActiveCfg = Debug|Any CPU
		{F86D6460-5512-4407-A1C4-ED87B78C032F}.Debug|Any CPU.Build.0 = Debug|Any CPU
		{F86D6460-5512-4407-A1C4-ED87B78C032F}.Release|Any CPU.ActiveCfg = Release|Any CPU
		{F86D6460-5512-4407-A1C4-ED87B78C032F}.Release|Any CPU.Build.0 = Release|Any CPU
		{4667F13C-C881-4B80-B760-513C387B8094}.Debug|Any CPU.ActiveCfg = Debug|Any CPU
		{4667F13C-C881-4B80-B760-513C387B8094}.Debug|Any CPU.Build.0 = Debug|Any CPU
		{4667F13C-C881-4B80-B760-513C387B8094}.Release|Any CPU.ActiveCfg = Release|Any CPU
		{4667F13C-C881-4B80-B760-513C387B8094}.Release|Any CPU.Build.0 = Release|Any CPU
	EndGlobalSection
	GlobalSection(SolutionProperties) = preSolution
		HideSolutionNode = FALSE
	EndGlobalSection
	GlobalSection(ExtensibilityGlobals) = postSolution
		SolutionGuid = {6B499786-1BCA-49C1-A977-4D6AC836D5D7}
	EndGlobalSection
EndGlobal
